
Microsoft Visual Studio Solution File, Format Version 12.00
# Visual Studio Version 17
VisualStudioVersion = 17.13.35919.96 d17.13
MinimumVisualStudioVersion = 10.0.40219.1
Project("{FAE04EC0-301F-11D3-BF4B-00C04F79EFBC}") = "Assignment 3.1.2", "Assignment 3.1.2.csproj", "{07A0AB4E-2E4D-4470-AD2A-8798E6DA5642}"
EndProject
Global
	GlobalSection(SolutionConfigurationPlatforms) = preSolution
		Debug|Any CPU = Debug|Any CPU
		Release|Any CPU = Release|Any CPU
	EndGlobalSection
	GlobalSection(ProjectConfigurationPlatforms) = postSolution
		{07A0AB4E-2E4D-4470-AD2A-8798E6DA5642}.Debug|Any CPU.ActiveCfg = Debug|Any CPU
		{07A0AB4E-2E4D-4470-AD2A-8798E6DA5642}.Debug|Any CPU.Build.0 = Debug|Any CPU
		{07A0AB4E-2E4D-4470-AD2A-8798E6DA5642}.Release|Any CPU.ActiveCfg = Release|Any CPU
		{07A0AB4E-2E4D-4470-AD2A-8798E6DA5642}.Release|Any CPU.Build.0 = Release|Any CPU
	EndGlobalSection
	GlobalSection(SolutionProperties) = preSolution
		HideSolutionNode = FALSE
	EndGlobalSection
	GlobalSection(ExtensibilityGlobals) = postSolution
		SolutionGuid = {8D432BE4-080D-4AEB-992D-AAFB34F6AA6A}
	EndGlobalSection
EndGlobal
